
Microsoft Visual Studio Solution File, Format Version 12.00
# Visual Studio Version 17
VisualStudioVersion = 17.12.35707.178 d17.12
MinimumVisualStudioVersion = 10.0.40219.1
Project("{FAE04EC0-301F-11D3-BF4B-00C04F79EFBC}") = "Demo", "Demo\Demo.csproj", "{7B15F245-431E-4E14-9415-1B46FD6352FF}"
EndProject
Project("{FAE04EC0-301F-11D3-BF4B-00C04F79EFBC}") = "Assignment", "Assignment\Assignment.csproj", "{C36D4599-CB6E-42EA-A05E-451A5B3E4777}"
EndProject
Global
	GlobalSection(SolutionConfigurationPlatforms) = preSolution
		Debug|Any CPU = Debug|Any CPU
		Release|Any CPU = Release|Any CPU
	EndGlobalSection
	GlobalSection(ProjectConfigurationPlatforms) = postSolution
		{7B15F245-431E-4E14-9415-1B46FD6352FF}.Debug|Any CPU.ActiveCfg = Debug|Any CPU
		{7B15F245-431E-4E14-9415-1B46FD6352FF}.Debug|Any CPU.Build.0 = Debug|Any CPU
		{7B15F245-431E-4E14-9415-1B46FD6352FF}.Release|Any CPU.ActiveCfg = Release|Any CPU
		{7B15F245-431E-4E14-9415-1B46FD6352FF}.Release|Any CPU.Build.0 = Release|Any CPU
		{C36D4599-CB6E-42EA-A05E-451A5B3E4777}.Debug|Any CPU.ActiveCfg = Debug|Any CPU
		{C36D4599-CB6E-42EA-A05E-451A5B3E4777}.Debug|Any CPU.Build.0 = Debug|Any CPU
		{C36D4599-CB6E-42EA-A05E-451A5B3E4777}.Release|Any CPU.ActiveCfg = Release|Any CPU
		{C36D4599-CB6E-42EA-A05E-451A5B3E4777}.Release|Any CPU.Build.0 = Release|Any CPU
	EndGlobalSection
	GlobalSection(SolutionProperties) = preSolution
		HideSolutionNode = FALSE
	EndGlobalSection
EndGlobal
